// !$*UTF8*$!
{
	archiveVersion = 1;
	classes = {
	};
	objectVersion = 56;
	objects = {

/* Begin PBXBuildFile section */
		0B2A7BC92A4306D0008310E6 /* PersistenceController.swift in Sources */ = {isa = PBXBuildFile; fileRef = 0B2A7BC82A4306D0008310E6 /* PersistenceController.swift */; };
		0B2A7BCE2A4306D8008310E6 /* InventoryList.swift in Sources */ = {isa = PBXBuildFile; fileRef = 0B2A7BCA2A4306D8008310E6 /* InventoryList.swift */; };
		0B2A7BCF2A4306D8008310E6 /* LastWoof.xcdatamodeld in Sources */ = {isa = PBXBuildFile; fileRef = 0B2A7BCC2A4306D8008310E6 /* LastWoof.xcdatamodeld */; };
		0B6529982A43E5A20057EAC6 /* EntityManager.swift in Sources */ = {isa = PBXBuildFile; fileRef = 0B6529972A43E5A20057EAC6 /* EntityManager.swift */; };
		0B65299C2A43FAF40057EAC6 /* PlayerControlComponent.swift in Sources */ = {isa = PBXBuildFile; fileRef = 0B65299B2A43FAF40057EAC6 /* PlayerControlComponent.swift */; };
		0B7ECDE52A41AE5100B0709B /* StateChangeComponent.swift in Sources */ = {isa = PBXBuildFile; fileRef = 0B7ECDE42A41AE5100B0709B /* StateChangeComponent.swift */; };
		0B7ECDE72A41AE8A00B0709B /* StoreInventoryComponent.swift in Sources */ = {isa = PBXBuildFile; fileRef = 0B7ECDE62A41AE8A00B0709B /* StoreInventoryComponent.swift */; };
		0B7ECDE92A41AE9F00B0709B /* RemoveInventoryComponent.swift in Sources */ = {isa = PBXBuildFile; fileRef = 0B7ECDE82A41AE9F00B0709B /* RemoveInventoryComponent.swift */; };
		0BE797852A45A5AC00B1F155 /* InventoryManager.swift in Sources */ = {isa = PBXBuildFile; fileRef = 0BE797842A45A5AC00B1F155 /* InventoryManager.swift */; };
		0BE797872A45B64800B1F155 /* iCloudAuthController.swift in Sources */ = {isa = PBXBuildFile; fileRef = 0BE797862A45B64800B1F155 /* iCloudAuthController.swift */; };
		15434F2F2A406B550086583E /* VisualComponent.swift in Sources */ = {isa = PBXBuildFile; fileRef = 15434F2E2A406B550086583E /* VisualComponent.swift */; };
		15434F332A40A1780086583E /* MovementComponent.swift in Sources */ = {isa = PBXBuildFile; fileRef = 15434F322A40A1780086583E /* MovementComponent.swift */; };
		15434F352A42A1020086583E /* PhysicsComponent.swift in Sources */ = {isa = PBXBuildFile; fileRef = 15434F342A42A1020086583E /* PhysicsComponent.swift */; };
		159619792A4451D8002F3CA9 /* MissionSystem.swift in Sources */ = {isa = PBXBuildFile; fileRef = 159619782A4451D8002F3CA9 /* MissionSystem.swift */; };
		1596197B2A445202002F3CA9 /* MissionComponent.swift in Sources */ = {isa = PBXBuildFile; fileRef = 1596197A2A445202002F3CA9 /* MissionComponent.swift */; };
		1596197D2A445292002F3CA9 /* GameState.swift in Sources */ = {isa = PBXBuildFile; fileRef = 1596197C2A445292002F3CA9 /* GameState.swift */; };
		159619A62A488DFB002F3CA9 /* CustomEntity.swift in Sources */ = {isa = PBXBuildFile; fileRef = 159619A52A488DFB002F3CA9 /* CustomEntity.swift */; };
		15CFF4212A4DCDBD00FF949D /* AudioManager.swift in Sources */ = {isa = PBXBuildFile; fileRef = 15CFF4202A4DCDBD00FF949D /* AudioManager.swift */; };
		15CFF4302A4DCEB100FF949D /* Leaves Sound.mp3 in Resources */ = {isa = PBXBuildFile; fileRef = 15CFF4252A4DCEB100FF949D /* Leaves Sound.mp3 */; };
		15CFF4312A4DCEB100FF949D /* Door Opening Sound.mp3 in Resources */ = {isa = PBXBuildFile; fileRef = 15CFF4262A4DCEB100FF949D /* Door Opening Sound.mp3 */; };
		15CFF4322A4DCEB100FF949D /* Cahaya Transition.mp3 in Resources */ = {isa = PBXBuildFile; fileRef = 15CFF4272A4DCEB100FF949D /* Cahaya Transition.mp3 */; };
		15CFF4332A4DCEB100FF949D /* Chapter 1 BGM.mp3 in Resources */ = {isa = PBXBuildFile; fileRef = 15CFF4282A4DCEB100FF949D /* Chapter 1 BGM.mp3 */; };
		15CFF4342A4DCEB100FF949D /* BGM For Menu.mp3 in Resources */ = {isa = PBXBuildFile; fileRef = 15CFF4292A4DCEB100FF949D /* BGM For Menu.mp3 */; };
		15CFF4352A4DCEB100FF949D /* Puppy Sound.mp3 in Resources */ = {isa = PBXBuildFile; fileRef = 15CFF42A2A4DCEB100FF949D /* Puppy Sound.mp3 */; };
		15CFF4362A4DCEB100FF949D /* Prologue BGM.mp3 in Resources */ = {isa = PBXBuildFile; fileRef = 15CFF42B2A4DCEB100FF949D /* Prologue BGM.mp3 */; };
		15CFF4372A4DCEB100FF949D /* Credit Scene BGM.mp3 in Resources */ = {isa = PBXBuildFile; fileRef = 15CFF42C2A4DCEB100FF949D /* Credit Scene BGM.mp3 */; };
		15CFF4392A4DCEB100FF949D /* Pond Sound.mp3 in Resources */ = {isa = PBXBuildFile; fileRef = 15CFF42E2A4DCEB100FF949D /* Pond Sound.mp3 */; };
		15CFF43A2A4DCEB100FF949D /* Cloud Transition.mp3 in Resources */ = {isa = PBXBuildFile; fileRef = 15CFF42F2A4DCEB100FF949D /* Cloud Transition.mp3 */; };
		15CFF43C2A4DD78300FF949D /* Click Sound.mp3 in Resources */ = {isa = PBXBuildFile; fileRef = 15CFF43B2A4DD78300FF949D /* Click Sound.mp3 */; };
		91F357F82A3A1F000072FF71 /* Assets.xcassets in Resources */ = {isa = PBXBuildFile; fileRef = 91F357F72A3A1F000072FF71 /* Assets.xcassets */; };
		91F357FB2A3A1F000072FF71 /* LaunchScreen.storyboard in Resources */ = {isa = PBXBuildFile; fileRef = 91F357F92A3A1F000072FF71 /* LaunchScreen.storyboard */; };
		91F358782A3B13A40072FF71 /* GameViewController.swift in Sources */ = {isa = PBXBuildFile; fileRef = 91F358752A3B13A40072FF71 /* GameViewController.swift */; };
		91F358792A3B13A40072FF71 /* GameScene.swift in Sources */ = {isa = PBXBuildFile; fileRef = 91F358762A3B13A40072FF71 /* GameScene.swift */; };
		91F3587A2A3B13A40072FF71 /* GameScene.sks in Resources */ = {isa = PBXBuildFile; fileRef = 91F358772A3B13A40072FF71 /* GameScene.sks */; };
		91F3587D2A3B13AD0072FF71 /* AppDelegate.swift in Sources */ = {isa = PBXBuildFile; fileRef = 91F3587B2A3B13AD0072FF71 /* AppDelegate.swift */; };
		91F3587E2A3B13AD0072FF71 /* Actions.sks in Resources */ = {isa = PBXBuildFile; fileRef = 91F3587C2A3B13AD0072FF71 /* Actions.sks */; };
		91F358AC2A3B27860072FF71 /* Main.storyboard in Resources */ = {isa = PBXBuildFile; fileRef = 91F358AA2A3B27860072FF71 /* Main.storyboard */; };
		D60812012A42DF58004E842E /* JoystickComponent.swift in Sources */ = {isa = PBXBuildFile; fileRef = D60812002A42DF58004E842E /* JoystickComponent.swift */; };
		D60812032A42E1D6004E842E /* Extensions.swift in Sources */ = {isa = PBXBuildFile; fileRef = D60812022A42E1D6004E842E /* Extensions.swift */; };
		D60812062A430736004E842E /* MainMenu.swift in Sources */ = {isa = PBXBuildFile; fileRef = D60812052A430736004E842E /* MainMenu.swift */; };
		D608120C2A430CA6004E842E /* MainMenu.sks in Resources */ = {isa = PBXBuildFile; fileRef = D608120B2A430CA6004E842E /* MainMenu.sks */; };
		D631DFB52A43FEF600DF6251 /* CreditsScene.sks in Resources */ = {isa = PBXBuildFile; fileRef = D631DFB42A43FEF600DF6251 /* CreditsScene.sks */; };
		D631DFB72A43FF1500DF6251 /* CreditsScene.swift in Sources */ = {isa = PBXBuildFile; fileRef = D631DFB62A43FF1500DF6251 /* CreditsScene.swift */; };
		D6B3F0F82A497164008D06C2 /* MemoriesScene.swift in Sources */ = {isa = PBXBuildFile; fileRef = D6B3F0F72A497164008D06C2 /* MemoriesScene.swift */; };
		D6B3F0FA2A49727A008D06C2 /* MemoriesScene.sks in Resources */ = {isa = PBXBuildFile; fileRef = D6B3F0F92A49727A008D06C2 /* MemoriesScene.sks */; };
		D6B3F0FD2A4977FC008D06C2 /* SubHomeSmoke.sks in Resources */ = {isa = PBXBuildFile; fileRef = D6B3F0FB2A4977FC008D06C2 /* SubHomeSmoke.sks */; };
		D6B3F0FE2A4977FC008D06C2 /* Assets.xcassets in Resources */ = {isa = PBXBuildFile; fileRef = D6B3F0FC2A4977FC008D06C2 /* Assets.xcassets */; };
		D6FEF0282A4D6DB0009C933B /* StoryScene.sks in Resources */ = {isa = PBXBuildFile; fileRef = D6FEF0272A4D6DB0009C933B /* StoryScene.sks */; };
		D6FEF02A2A4D6DEB009C933B /* StoryScene.swift in Sources */ = {isa = PBXBuildFile; fileRef = D6FEF0292A4D6DEB009C933B /* StoryScene.swift */; };
/* End PBXBuildFile section */

/* Begin PBXFileReference section */
		0B2A7BC82A4306D0008310E6 /* PersistenceController.swift */ = {isa = PBXFileReference; fileEncoding = 4; lastKnownFileType = sourcecode.swift; path = PersistenceController.swift; sourceTree = "<group>"; };
		0B2A7BCA2A4306D8008310E6 /* InventoryList.swift */ = {isa = PBXFileReference; fileEncoding = 4; lastKnownFileType = sourcecode.swift; path = InventoryList.swift; sourceTree = "<group>"; };
		0B2A7BCD2A4306D8008310E6 /* LastWoof.xcdatamodel */ = {isa = PBXFileReference; lastKnownFileType = wrapper.xcdatamodel; path = LastWoof.xcdatamodel; sourceTree = "<group>"; };
		0B2A7BD02A430704008310E6 /* Last Woof.entitlements */ = {isa = PBXFileReference; lastKnownFileType = text.plist.entitlements; path = "Last Woof.entitlements"; sourceTree = "<group>"; };
		0B2A7BD12A430756008310E6 /* Last-Woof-Info.plist */ = {isa = PBXFileReference; lastKnownFileType = text.plist.xml; path = "Last-Woof-Info.plist"; sourceTree = "<group>"; };
		0B6529972A43E5A20057EAC6 /* EntityManager.swift */ = {isa = PBXFileReference; lastKnownFileType = sourcecode.swift; path = EntityManager.swift; sourceTree = "<group>"; };
		0B65299B2A43FAF40057EAC6 /* PlayerControlComponent.swift */ = {isa = PBXFileReference; lastKnownFileType = sourcecode.swift; path = PlayerControlComponent.swift; sourceTree = "<group>"; };
		0B7ECDE42A41AE5100B0709B /* StateChangeComponent.swift */ = {isa = PBXFileReference; lastKnownFileType = sourcecode.swift; path = StateChangeComponent.swift; sourceTree = "<group>"; };
		0B7ECDE62A41AE8A00B0709B /* StoreInventoryComponent.swift */ = {isa = PBXFileReference; lastKnownFileType = sourcecode.swift; path = StoreInventoryComponent.swift; sourceTree = "<group>"; };
		0B7ECDE82A41AE9F00B0709B /* RemoveInventoryComponent.swift */ = {isa = PBXFileReference; lastKnownFileType = sourcecode.swift; path = RemoveInventoryComponent.swift; sourceTree = "<group>"; };
		0BE797842A45A5AC00B1F155 /* InventoryManager.swift */ = {isa = PBXFileReference; lastKnownFileType = sourcecode.swift; path = InventoryManager.swift; sourceTree = "<group>"; };
		0BE797862A45B64800B1F155 /* iCloudAuthController.swift */ = {isa = PBXFileReference; lastKnownFileType = sourcecode.swift; path = iCloudAuthController.swift; sourceTree = "<group>"; };
		15434F2E2A406B550086583E /* VisualComponent.swift */ = {isa = PBXFileReference; lastKnownFileType = sourcecode.swift; path = VisualComponent.swift; sourceTree = "<group>"; };
		15434F322A40A1780086583E /* MovementComponent.swift */ = {isa = PBXFileReference; lastKnownFileType = sourcecode.swift; path = MovementComponent.swift; sourceTree = "<group>"; };
		15434F342A42A1020086583E /* PhysicsComponent.swift */ = {isa = PBXFileReference; lastKnownFileType = sourcecode.swift; path = PhysicsComponent.swift; sourceTree = "<group>"; };
		159619782A4451D8002F3CA9 /* MissionSystem.swift */ = {isa = PBXFileReference; lastKnownFileType = sourcecode.swift; path = MissionSystem.swift; sourceTree = "<group>"; };
		1596197A2A445202002F3CA9 /* MissionComponent.swift */ = {isa = PBXFileReference; lastKnownFileType = sourcecode.swift; path = MissionComponent.swift; sourceTree = "<group>"; };
		1596197C2A445292002F3CA9 /* GameState.swift */ = {isa = PBXFileReference; lastKnownFileType = sourcecode.swift; path = GameState.swift; sourceTree = "<group>"; };
		159619A52A488DFB002F3CA9 /* CustomEntity.swift */ = {isa = PBXFileReference; lastKnownFileType = sourcecode.swift; path = CustomEntity.swift; sourceTree = "<group>"; };
		15CFF4202A4DCDBD00FF949D /* AudioManager.swift */ = {isa = PBXFileReference; lastKnownFileType = sourcecode.swift; path = AudioManager.swift; sourceTree = "<group>"; };
		15CFF4252A4DCEB100FF949D /* Leaves Sound.mp3 */ = {isa = PBXFileReference; lastKnownFileType = audio.mp3; path = "Leaves Sound.mp3"; sourceTree = "<group>"; };
		15CFF4262A4DCEB100FF949D /* Door Opening Sound.mp3 */ = {isa = PBXFileReference; lastKnownFileType = audio.mp3; path = "Door Opening Sound.mp3"; sourceTree = "<group>"; };
		15CFF4272A4DCEB100FF949D /* Cahaya Transition.mp3 */ = {isa = PBXFileReference; lastKnownFileType = audio.mp3; path = "Cahaya Transition.mp3"; sourceTree = "<group>"; };
		15CFF4282A4DCEB100FF949D /* Chapter 1 BGM.mp3 */ = {isa = PBXFileReference; lastKnownFileType = audio.mp3; path = "Chapter 1 BGM.mp3"; sourceTree = "<group>"; };
		15CFF4292A4DCEB100FF949D /* BGM For Menu.mp3 */ = {isa = PBXFileReference; lastKnownFileType = audio.mp3; path = "BGM For Menu.mp3"; sourceTree = "<group>"; };
		15CFF42A2A4DCEB100FF949D /* Puppy Sound.mp3 */ = {isa = PBXFileReference; lastKnownFileType = audio.mp3; path = "Puppy Sound.mp3"; sourceTree = "<group>"; };
		15CFF42B2A4DCEB100FF949D /* Prologue BGM.mp3 */ = {isa = PBXFileReference; lastKnownFileType = audio.mp3; path = "Prologue BGM.mp3"; sourceTree = "<group>"; };
		15CFF42C2A4DCEB100FF949D /* Credit Scene BGM.mp3 */ = {isa = PBXFileReference; lastKnownFileType = audio.mp3; path = "Credit Scene BGM.mp3"; sourceTree = "<group>"; };
		15CFF42E2A4DCEB100FF949D /* Pond Sound.mp3 */ = {isa = PBXFileReference; lastKnownFileType = audio.mp3; path = "Pond Sound.mp3"; sourceTree = "<group>"; };
		15CFF42F2A4DCEB100FF949D /* Cloud Transition.mp3 */ = {isa = PBXFileReference; lastKnownFileType = audio.mp3; path = "Cloud Transition.mp3"; sourceTree = "<group>"; };
		15CFF43B2A4DD78300FF949D /* Click Sound.mp3 */ = {isa = PBXFileReference; lastKnownFileType = audio.mp3; path = "Click Sound.mp3"; sourceTree = "<group>"; };
		91F357EB2A3A1EFF0072FF71 /* Last Woof.app */ = {isa = PBXFileReference; explicitFileType = wrapper.application; includeInIndex = 0; path = "Last Woof.app"; sourceTree = BUILT_PRODUCTS_DIR; };
		91F357F72A3A1F000072FF71 /* Assets.xcassets */ = {isa = PBXFileReference; lastKnownFileType = folder.assetcatalog; path = Assets.xcassets; sourceTree = "<group>"; };
		91F357FA2A3A1F000072FF71 /* Base */ = {isa = PBXFileReference; lastKnownFileType = file.storyboard; name = Base; path = Base.lproj/LaunchScreen.storyboard; sourceTree = "<group>"; };
		91F358752A3B13A40072FF71 /* GameViewController.swift */ = {isa = PBXFileReference; fileEncoding = 4; lastKnownFileType = sourcecode.swift; path = GameViewController.swift; sourceTree = "<group>"; };
		91F358762A3B13A40072FF71 /* GameScene.swift */ = {isa = PBXFileReference; fileEncoding = 4; lastKnownFileType = sourcecode.swift; path = GameScene.swift; sourceTree = "<group>"; };
		91F358772A3B13A40072FF71 /* GameScene.sks */ = {isa = PBXFileReference; lastKnownFileType = file.sks; path = GameScene.sks; sourceTree = "<group>"; };
		91F3587B2A3B13AD0072FF71 /* AppDelegate.swift */ = {isa = PBXFileReference; fileEncoding = 4; lastKnownFileType = sourcecode.swift; path = AppDelegate.swift; sourceTree = "<group>"; };
		91F3587C2A3B13AD0072FF71 /* Actions.sks */ = {isa = PBXFileReference; lastKnownFileType = file.sks; path = Actions.sks; sourceTree = "<group>"; };
		91F358AB2A3B27860072FF71 /* Base */ = {isa = PBXFileReference; lastKnownFileType = file.storyboard; name = Base; path = LastWoof/Base.lproj/Main.storyboard; sourceTree = "<group>"; };
		D60812002A42DF58004E842E /* JoystickComponent.swift */ = {isa = PBXFileReference; lastKnownFileType = sourcecode.swift; path = JoystickComponent.swift; sourceTree = "<group>"; };
		D60812022A42E1D6004E842E /* Extensions.swift */ = {isa = PBXFileReference; lastKnownFileType = sourcecode.swift; path = Extensions.swift; sourceTree = "<group>"; };
		D60812052A430736004E842E /* MainMenu.swift */ = {isa = PBXFileReference; lastKnownFileType = sourcecode.swift; path = MainMenu.swift; sourceTree = "<group>"; };
		D608120B2A430CA6004E842E /* MainMenu.sks */ = {isa = PBXFileReference; lastKnownFileType = file.sks; path = MainMenu.sks; sourceTree = "<group>"; };
		D631DFB42A43FEF600DF6251 /* CreditsScene.sks */ = {isa = PBXFileReference; lastKnownFileType = file.sks; path = CreditsScene.sks; sourceTree = "<group>"; };
		D631DFB62A43FF1500DF6251 /* CreditsScene.swift */ = {isa = PBXFileReference; lastKnownFileType = sourcecode.swift; path = CreditsScene.swift; sourceTree = "<group>"; };
		D6B3F0F72A497164008D06C2 /* MemoriesScene.swift */ = {isa = PBXFileReference; lastKnownFileType = sourcecode.swift; path = MemoriesScene.swift; sourceTree = "<group>"; };
		D6B3F0F92A49727A008D06C2 /* MemoriesScene.sks */ = {isa = PBXFileReference; lastKnownFileType = file.sks; path = MemoriesScene.sks; sourceTree = "<group>"; };
		D6B3F0FB2A4977FC008D06C2 /* SubHomeSmoke.sks */ = {isa = PBXFileReference; lastKnownFileType = file.sks; path = SubHomeSmoke.sks; sourceTree = "<group>"; };
		D6B3F0FC2A4977FC008D06C2 /* Assets.xcassets */ = {isa = PBXFileReference; lastKnownFileType = folder.assetcatalog; path = Assets.xcassets; sourceTree = "<group>"; };
		D6FEF0272A4D6DB0009C933B /* StoryScene.sks */ = {isa = PBXFileReference; lastKnownFileType = file.sks; path = StoryScene.sks; sourceTree = "<group>"; };
		D6FEF0292A4D6DEB009C933B /* StoryScene.swift */ = {isa = PBXFileReference; lastKnownFileType = sourcecode.swift; path = StoryScene.swift; sourceTree = "<group>"; };
/* End PBXFileReference section */

/* Begin PBXFrameworksBuildPhase section */
		91F357E82A3A1EFF0072FF71 /* Frameworks */ = {
			isa = PBXFrameworksBuildPhase;
			buildActionMask = 2147483647;
			files = (
			);
			runOnlyForDeploymentPostprocessing = 0;
		};
/* End PBXFrameworksBuildPhase section */

/* Begin PBXGroup section */
		0B2A7BCB2A4306D8008310E6 /* Data Models */ = {
			isa = PBXGroup;
			children = (
				0B2A7BCC2A4306D8008310E6 /* LastWoof.xcdatamodeld */,
			);
			path = "Data Models";
			sourceTree = "<group>";
		};
		0B7ECDDD2A41AD3700B0709B /* StoryScene */ = {
			isa = PBXGroup;
			children = (
				D6FEF0272A4D6DB0009C933B /* StoryScene.sks */,
				D6FEF0292A4D6DEB009C933B /* StoryScene.swift */,
			);
			path = StoryScene;
			sourceTree = "<group>";
		};
		15434F2D2A405FB60086583E /* Scene1 */ = {
			isa = PBXGroup;
			children = (
				91F358772A3B13A40072FF71 /* GameScene.sks */,
				91F358762A3B13A40072FF71 /* GameScene.swift */,
			);
			path = Scene1;
			sourceTree = "<group>";
		};
		15CFF41F2A4DCBF700FF949D /* Recovered References */ = {
			isa = PBXGroup;
			children = (
			);
			name = "Recovered References";
			sourceTree = "<group>";
		};
		15CFF4242A4DCEB100FF949D /* MC 2 Sound */ = {
			isa = PBXGroup;
			children = (
				15CFF43B2A4DD78300FF949D /* Click Sound.mp3 */,
				15CFF4252A4DCEB100FF949D /* Leaves Sound.mp3 */,
				15CFF4262A4DCEB100FF949D /* Door Opening Sound.mp3 */,
				15CFF4272A4DCEB100FF949D /* Cahaya Transition.mp3 */,
				15CFF4282A4DCEB100FF949D /* Chapter 1 BGM.mp3 */,
				15CFF4292A4DCEB100FF949D /* BGM For Menu.mp3 */,
				15CFF42A2A4DCEB100FF949D /* Puppy Sound.mp3 */,
				15CFF42B2A4DCEB100FF949D /* Prologue BGM.mp3 */,
				15CFF42C2A4DCEB100FF949D /* Credit Scene BGM.mp3 */,
				15CFF42E2A4DCEB100FF949D /* Pond Sound.mp3 */,
				15CFF42F2A4DCEB100FF949D /* Cloud Transition.mp3 */,
			);
			path = "MC 2 Sound";
			sourceTree = "<group>";
		};
		91F357E22A3A1EFF0072FF71 = {
			isa = PBXGroup;
			children = (
				0B2A7BD12A430756008310E6 /* Last-Woof-Info.plist */,
				0B2A7BD02A430704008310E6 /* Last Woof.entitlements */,
				91F357ED2A3A1EFF0072FF71 /* LastWoof */,
				91F357EC2A3A1EFF0072FF71 /* Products */,
				15CFF41F2A4DCBF700FF949D /* Recovered References */,
			);
			sourceTree = "<group>";
		};
		91F357EC2A3A1EFF0072FF71 /* Products */ = {
			isa = PBXGroup;
			children = (
				91F357EB2A3A1EFF0072FF71 /* Last Woof.app */,
			);
			name = Products;
			sourceTree = "<group>";
		};
		91F357ED2A3A1EFF0072FF71 /* LastWoof */ = {
			isa = PBXGroup;
			children = (
				15CFF4242A4DCEB100FF949D /* MC 2 Sound */,
				91F358092A3A20F90072FF71 /* Database */,
				91F358052A3A20A60072FF71 /* Managers */,
				91F358042A3A209B0072FF71 /* GameObjects */,
				91F358032A3A207E0072FF71 /* Scenes */,
				91F358022A3A20540072FF71 /* Systems */,
				91F357F72A3A1F000072FF71 /* Assets.xcassets */,
				91F357F92A3A1F000072FF71 /* LaunchScreen.storyboard */,
				91F358AA2A3B27860072FF71 /* Main.storyboard */,
				91F358752A3B13A40072FF71 /* GameViewController.swift */,
				91F3587C2A3B13AD0072FF71 /* Actions.sks */,
				91F3587B2A3B13AD0072FF71 /* AppDelegate.swift */,
				D60812022A42E1D6004E842E /* Extensions.swift */,
			);
			path = LastWoof;
			sourceTree = "<group>";
		};
		91F358022A3A20540072FF71 /* Systems */ = {
			isa = PBXGroup;
			children = (
				159619782A4451D8002F3CA9 /* MissionSystem.swift */,
				1596197C2A445292002F3CA9 /* GameState.swift */,
			);
			path = Systems;
			sourceTree = "<group>";
		};
		91F358032A3A207E0072FF71 /* Scenes */ = {
			isa = PBXGroup;
			children = (
				D60812042A430693004E842E /* MainMenu */,
				0B7ECDDD2A41AD3700B0709B /* StoryScene */,
				15434F2D2A405FB60086583E /* Scene1 */,
			);
			path = Scenes;
			sourceTree = "<group>";
		};
		91F358042A3A209B0072FF71 /* GameObjects */ = {
			isa = PBXGroup;
			children = (
				91F358062A3A20D50072FF71 /* Characters */,
				91F358072A3A20DC0072FF71 /* Environments */,
				91F358082A3A20E30072FF71 /* UIs */,
			);
			path = GameObjects;
			sourceTree = "<group>";
		};
		91F358052A3A20A60072FF71 /* Managers */ = {
			isa = PBXGroup;
			children = (
				0B6529972A43E5A20057EAC6 /* EntityManager.swift */,
				0BE797842A45A5AC00B1F155 /* InventoryManager.swift */,
				15CFF4202A4DCDBD00FF949D /* AudioManager.swift */,
			);
			path = Managers;
			sourceTree = "<group>";
		};
		91F358062A3A20D50072FF71 /* Characters */ = {
			isa = PBXGroup;
			children = (
				15434F2E2A406B550086583E /* VisualComponent.swift */,
				15434F322A40A1780086583E /* MovementComponent.swift */,
				0B7ECDE42A41AE5100B0709B /* StateChangeComponent.swift */,
				0B7ECDE62A41AE8A00B0709B /* StoreInventoryComponent.swift */,
				0B7ECDE82A41AE9F00B0709B /* RemoveInventoryComponent.swift */,
				15434F342A42A1020086583E /* PhysicsComponent.swift */,
				0B65299B2A43FAF40057EAC6 /* PlayerControlComponent.swift */,
				D60812002A42DF58004E842E /* JoystickComponent.swift */,
				1596197A2A445202002F3CA9 /* MissionComponent.swift */,
			);
			path = Characters;
			sourceTree = "<group>";
		};
		91F358072A3A20DC0072FF71 /* Environments */ = {
			isa = PBXGroup;
			children = (
				159619A52A488DFB002F3CA9 /* CustomEntity.swift */,
			);
			path = Environments;
			sourceTree = "<group>";
		};
		91F358082A3A20E30072FF71 /* UIs */ = {
			isa = PBXGroup;
			children = (
			);
			path = UIs;
			sourceTree = "<group>";
		};
		91F358092A3A20F90072FF71 /* Database */ = {
			isa = PBXGroup;
			children = (
				0B2A7BCB2A4306D8008310E6 /* Data Models */,
				0B2A7BC82A4306D0008310E6 /* PersistenceController.swift */,
				0B2A7BCA2A4306D8008310E6 /* InventoryList.swift */,
				0BE797862A45B64800B1F155 /* iCloudAuthController.swift */,
			);
			path = Database;
			sourceTree = "<group>";
		};
		D60812042A430693004E842E /* MainMenu */ = {
			isa = PBXGroup;
			children = (
				D6B3F0F62A497154008D06C2 /* MemoriesScene */,
				D631DFB32A43FEDC00DF6251 /* CreditsScene */,
				D608120E2A43F26A004E842E /* ParticleEmitters */,
				D60812052A430736004E842E /* MainMenu.swift */,
				D608120B2A430CA6004E842E /* MainMenu.sks */,
			);
			path = MainMenu;
			sourceTree = "<group>";
		};
		D608120E2A43F26A004E842E /* ParticleEmitters */ = {
			isa = PBXGroup;
			children = (
				D6B3F0FB2A4977FC008D06C2 /* SubHomeSmoke.sks */,
				D6B3F0FC2A4977FC008D06C2 /* Assets.xcassets */,
			);
			path = ParticleEmitters;
			sourceTree = "<group>";
		};
		D631DFB32A43FEDC00DF6251 /* CreditsScene */ = {
			isa = PBXGroup;
			children = (
				D631DFB42A43FEF600DF6251 /* CreditsScene.sks */,
				D631DFB62A43FF1500DF6251 /* CreditsScene.swift */,
			);
			path = CreditsScene;
			sourceTree = "<group>";
		};
		D6B3F0F62A497154008D06C2 /* MemoriesScene */ = {
			isa = PBXGroup;
			children = (
				D6B3F0F72A497164008D06C2 /* MemoriesScene.swift */,
				D6B3F0F92A49727A008D06C2 /* MemoriesScene.sks */,
			);
			path = MemoriesScene;
			sourceTree = "<group>";
		};
/* End PBXGroup section */

/* Begin PBXNativeTarget section */
		91F357EA2A3A1EFF0072FF71 /* Last Woof */ = {
			isa = PBXNativeTarget;
			buildConfigurationList = 91F357FF2A3A1F000072FF71 /* Build configuration list for PBXNativeTarget "Last Woof" */;
			buildPhases = (
				91F357E72A3A1EFF0072FF71 /* Sources */,
				91F357E82A3A1EFF0072FF71 /* Frameworks */,
				91F357E92A3A1EFF0072FF71 /* Resources */,
			);
			buildRules = (
			);
			dependencies = (
			);
			name = "Last Woof";
			productName = "Last Woof";
			productReference = 91F357EB2A3A1EFF0072FF71 /* Last Woof.app */;
			productType = "com.apple.product-type.application";
		};
/* End PBXNativeTarget section */

/* Begin PBXProject section */
		91F357E32A3A1EFF0072FF71 /* Project object */ = {
			isa = PBXProject;
			attributes = {
				BuildIndependentTargetsInParallel = 1;
				LastSwiftUpdateCheck = 1430;
				LastUpgradeCheck = 1430;
				TargetAttributes = {
					91F357EA2A3A1EFF0072FF71 = {
						CreatedOnToolsVersion = 14.3;
						LastSwiftMigration = 1430;
					};
				};
			};
			buildConfigurationList = 91F357E62A3A1EFF0072FF71 /* Build configuration list for PBXProject "Last Woof" */;
			compatibilityVersion = "Xcode 14.0";
			developmentRegion = en;
			hasScannedForEncodings = 0;
			knownRegions = (
				en,
				Base,
			);
			mainGroup = 91F357E22A3A1EFF0072FF71;
			productRefGroup = 91F357EC2A3A1EFF0072FF71 /* Products */;
			projectDirPath = "";
			projectRoot = "";
			targets = (
				91F357EA2A3A1EFF0072FF71 /* Last Woof */,
			);
		};
/* End PBXProject section */

/* Begin PBXResourcesBuildPhase section */
		91F357E92A3A1EFF0072FF71 /* Resources */ = {
			isa = PBXResourcesBuildPhase;
			buildActionMask = 2147483647;
			files = (
				15CFF43A2A4DCEB100FF949D /* Cloud Transition.mp3 in Resources */,
				15CFF4342A4DCEB100FF949D /* BGM For Menu.mp3 in Resources */,
				91F357FB2A3A1F000072FF71 /* LaunchScreen.storyboard in Resources */,
				D608120C2A430CA6004E842E /* MainMenu.sks in Resources */,
				91F358AC2A3B27860072FF71 /* Main.storyboard in Resources */,
				D6B3F0FA2A49727A008D06C2 /* MemoriesScene.sks in Resources */,
				91F3587A2A3B13A40072FF71 /* GameScene.sks in Resources */,
				15CFF4322A4DCEB100FF949D /* Cahaya Transition.mp3 in Resources */,
				15CFF4392A4DCEB100FF949D /* Pond Sound.mp3 in Resources */,
				15CFF4312A4DCEB100FF949D /* Door Opening Sound.mp3 in Resources */,
				D6B3F0FD2A4977FC008D06C2 /* SubHomeSmoke.sks in Resources */,
				15CFF4332A4DCEB100FF949D /* Chapter 1 BGM.mp3 in Resources */,
				D6FEF0282A4D6DB0009C933B /* StoryScene.sks in Resources */,
				15CFF4362A4DCEB100FF949D /* Prologue BGM.mp3 in Resources */,
				15CFF4352A4DCEB100FF949D /* Puppy Sound.mp3 in Resources */,
				15CFF4302A4DCEB100FF949D /* Leaves Sound.mp3 in Resources */,
				15CFF43C2A4DD78300FF949D /* Click Sound.mp3 in Resources */,
				D631DFB52A43FEF600DF6251 /* CreditsScene.sks in Resources */,
				91F357F82A3A1F000072FF71 /* Assets.xcassets in Resources */,
				D6B3F0FE2A4977FC008D06C2 /* Assets.xcassets in Resources */,
				15CFF4372A4DCEB100FF949D /* Credit Scene BGM.mp3 in Resources */,
				91F3587E2A3B13AD0072FF71 /* Actions.sks in Resources */,
			);
			runOnlyForDeploymentPostprocessing = 0;
		};
/* End PBXResourcesBuildPhase section */

/* Begin PBXSourcesBuildPhase section */
		91F357E72A3A1EFF0072FF71 /* Sources */ = {
			isa = PBXSourcesBuildPhase;
			buildActionMask = 2147483647;
			files = (
				D60812062A430736004E842E /* MainMenu.swift in Sources */,
				1596197B2A445202002F3CA9 /* MissionComponent.swift in Sources */,
				91F3587D2A3B13AD0072FF71 /* AppDelegate.swift in Sources */,
				D60812012A42DF58004E842E /* JoystickComponent.swift in Sources */,
				15434F352A42A1020086583E /* PhysicsComponent.swift in Sources */,
				D6FEF02A2A4D6DEB009C933B /* StoryScene.swift in Sources */,
				D60812032A42E1D6004E842E /* Extensions.swift in Sources */,
				91F358792A3B13A40072FF71 /* GameScene.swift in Sources */,
				D631DFB72A43FF1500DF6251 /* CreditsScene.swift in Sources */,
				0B2A7BC92A4306D0008310E6 /* PersistenceController.swift in Sources */,
				91F358782A3B13A40072FF71 /* GameViewController.swift in Sources */,
				D6B3F0F82A497164008D06C2 /* MemoriesScene.swift in Sources */,
				0B2A7BCE2A4306D8008310E6 /* InventoryList.swift in Sources */,
				159619792A4451D8002F3CA9 /* MissionSystem.swift in Sources */,
				0B7ECDE92A41AE9F00B0709B /* RemoveInventoryComponent.swift in Sources */,
				159619A62A488DFB002F3CA9 /* CustomEntity.swift in Sources */,
				0BE797852A45A5AC00B1F155 /* InventoryManager.swift in Sources */,
				0B6529982A43E5A20057EAC6 /* EntityManager.swift in Sources */,
				0B2A7BCF2A4306D8008310E6 /* LastWoof.xcdatamodeld in Sources */,
				15434F332A40A1780086583E /* MovementComponent.swift in Sources */,
				0B7ECDE52A41AE5100B0709B /* StateChangeComponent.swift in Sources */,
				1596197D2A445292002F3CA9 /* GameState.swift in Sources */,
				0B7ECDE72A41AE8A00B0709B /* StoreInventoryComponent.swift in Sources */,
				15434F2F2A406B550086583E /* VisualComponent.swift in Sources */,
				15CFF4212A4DCDBD00FF949D /* AudioManager.swift in Sources */,
				0B65299C2A43FAF40057EAC6 /* PlayerControlComponent.swift in Sources */,
				0BE797872A45B64800B1F155 /* iCloudAuthController.swift in Sources */,
			);
			runOnlyForDeploymentPostprocessing = 0;
		};
/* End PBXSourcesBuildPhase section */

/* Begin PBXVariantGroup section */
		91F357F92A3A1F000072FF71 /* LaunchScreen.storyboard */ = {
			isa = PBXVariantGroup;
			children = (
				91F357FA2A3A1F000072FF71 /* Base */,
			);
			name = LaunchScreen.storyboard;
			sourceTree = "<group>";
		};
		91F358AA2A3B27860072FF71 /* Main.storyboard */ = {
			isa = PBXVariantGroup;
			children = (
				91F358AB2A3B27860072FF71 /* Base */,
			);
			name = Main.storyboard;
			sourceTree = "<group>";
		};
/* End PBXVariantGroup section */

/* Begin XCBuildConfiguration section */
		91F357FD2A3A1F000072FF71 /* Debug */ = {
			isa = XCBuildConfiguration;
			buildSettings = {
				ALWAYS_SEARCH_USER_PATHS = NO;
				CLANG_ANALYZER_NONNULL = YES;
				CLANG_ANALYZER_NUMBER_OBJECT_CONVERSION = YES_AGGRESSIVE;
				CLANG_CXX_LANGUAGE_STANDARD = "gnu++20";
				CLANG_ENABLE_MODULES = YES;
				CLANG_ENABLE_OBJC_ARC = YES;
				CLANG_ENABLE_OBJC_WEAK = YES;
				CLANG_WARN_BLOCK_CAPTURE_AUTORELEASING = YES;
				CLANG_WARN_BOOL_CONVERSION = YES;
				CLANG_WARN_COMMA = YES;
				CLANG_WARN_CONSTANT_CONVERSION = YES;
				CLANG_WARN_DEPRECATED_OBJC_IMPLEMENTATIONS = YES;
				CLANG_WARN_DIRECT_OBJC_ISA_USAGE = YES_ERROR;
				CLANG_WARN_DOCUMENTATION_COMMENTS = YES;
				CLANG_WARN_EMPTY_BODY = YES;
				CLANG_WARN_ENUM_CONVERSION = YES;
				CLANG_WARN_INFINITE_RECURSION = YES;
				CLANG_WARN_INT_CONVERSION = YES;
				CLANG_WARN_NON_LITERAL_NULL_CONVERSION = YES;
				CLANG_WARN_OBJC_IMPLICIT_RETAIN_SELF = YES;
				CLANG_WARN_OBJC_LITERAL_CONVERSION = YES;
				CLANG_WARN_OBJC_ROOT_CLASS = YES_ERROR;
				CLANG_WARN_QUOTED_INCLUDE_IN_FRAMEWORK_HEADER = YES;
				CLANG_WARN_RANGE_LOOP_ANALYSIS = YES;
				CLANG_WARN_STRICT_PROTOTYPES = YES;
				CLANG_WARN_SUSPICIOUS_MOVE = YES;
				CLANG_WARN_UNGUARDED_AVAILABILITY = YES_AGGRESSIVE;
				CLANG_WARN_UNREACHABLE_CODE = YES;
				CLANG_WARN__DUPLICATE_METHOD_MATCH = YES;
				COPY_PHASE_STRIP = NO;
				DEBUG_INFORMATION_FORMAT = dwarf;
				ENABLE_STRICT_OBJC_MSGSEND = YES;
				ENABLE_TESTABILITY = YES;
				GCC_C_LANGUAGE_STANDARD = gnu11;
				GCC_DYNAMIC_NO_PIC = NO;
				GCC_NO_COMMON_BLOCKS = YES;
				GCC_OPTIMIZATION_LEVEL = 0;
				GCC_PREPROCESSOR_DEFINITIONS = (
					"DEBUG=1",
					"$(inherited)",
				);
				GCC_WARN_64_TO_32_BIT_CONVERSION = YES;
				GCC_WARN_ABOUT_RETURN_TYPE = YES_ERROR;
				GCC_WARN_UNDECLARED_SELECTOR = YES;
				GCC_WARN_UNINITIALIZED_AUTOS = YES_AGGRESSIVE;
				GCC_WARN_UNUSED_FUNCTION = YES;
				GCC_WARN_UNUSED_VARIABLE = YES;
				IPHONEOS_DEPLOYMENT_TARGET = 16.4;
				MTL_ENABLE_DEBUG_INFO = INCLUDE_SOURCE;
				MTL_FAST_MATH = YES;
				ONLY_ACTIVE_ARCH = YES;
				SDKROOT = iphoneos;
				SWIFT_ACTIVE_COMPILATION_CONDITIONS = DEBUG;
				SWIFT_OPTIMIZATION_LEVEL = "-Onone";
			};
			name = Debug;
		};
		91F357FE2A3A1F000072FF71 /* Release */ = {
			isa = XCBuildConfiguration;
			buildSettings = {
				ALWAYS_SEARCH_USER_PATHS = NO;
				CLANG_ANALYZER_NONNULL = YES;
				CLANG_ANALYZER_NUMBER_OBJECT_CONVERSION = YES_AGGRESSIVE;
				CLANG_CXX_LANGUAGE_STANDARD = "gnu++20";
				CLANG_ENABLE_MODULES = YES;
				CLANG_ENABLE_OBJC_ARC = YES;
				CLANG_ENABLE_OBJC_WEAK = YES;
				CLANG_WARN_BLOCK_CAPTURE_AUTORELEASING = YES;
				CLANG_WARN_BOOL_CONVERSION = YES;
				CLANG_WARN_COMMA = YES;
				CLANG_WARN_CONSTANT_CONVERSION = YES;
				CLANG_WARN_DEPRECATED_OBJC_IMPLEMENTATIONS = YES;
				CLANG_WARN_DIRECT_OBJC_ISA_USAGE = YES_ERROR;
				CLANG_WARN_DOCUMENTATION_COMMENTS = YES;
				CLANG_WARN_EMPTY_BODY = YES;
				CLANG_WARN_ENUM_CONVERSION = YES;
				CLANG_WARN_INFINITE_RECURSION = YES;
				CLANG_WARN_INT_CONVERSION = YES;
				CLANG_WARN_NON_LITERAL_NULL_CONVERSION = YES;
				CLANG_WARN_OBJC_IMPLICIT_RETAIN_SELF = YES;
				CLANG_WARN_OBJC_LITERAL_CONVERSION = YES;
				CLANG_WARN_OBJC_ROOT_CLASS = YES_ERROR;
				CLANG_WARN_QUOTED_INCLUDE_IN_FRAMEWORK_HEADER = YES;
				CLANG_WARN_RANGE_LOOP_ANALYSIS = YES;
				CLANG_WARN_STRICT_PROTOTYPES = YES;
				CLANG_WARN_SUSPICIOUS_MOVE = YES;
				CLANG_WARN_UNGUARDED_AVAILABILITY = YES_AGGRESSIVE;
				CLANG_WARN_UNREACHABLE_CODE = YES;
				CLANG_WARN__DUPLICATE_METHOD_MATCH = YES;
				COPY_PHASE_STRIP = NO;
				DEBUG_INFORMATION_FORMAT = "dwarf-with-dsym";
				ENABLE_NS_ASSERTIONS = NO;
				ENABLE_STRICT_OBJC_MSGSEND = YES;
				GCC_C_LANGUAGE_STANDARD = gnu11;
				GCC_NO_COMMON_BLOCKS = YES;
				GCC_WARN_64_TO_32_BIT_CONVERSION = YES;
				GCC_WARN_ABOUT_RETURN_TYPE = YES_ERROR;
				GCC_WARN_UNDECLARED_SELECTOR = YES;
				GCC_WARN_UNINITIALIZED_AUTOS = YES_AGGRESSIVE;
				GCC_WARN_UNUSED_FUNCTION = YES;
				GCC_WARN_UNUSED_VARIABLE = YES;
				IPHONEOS_DEPLOYMENT_TARGET = 16.4;
				MTL_ENABLE_DEBUG_INFO = NO;
				MTL_FAST_MATH = YES;
				SDKROOT = iphoneos;
				SWIFT_COMPILATION_MODE = wholemodule;
				SWIFT_OPTIMIZATION_LEVEL = "-O";
				VALIDATE_PRODUCT = YES;
			};
			name = Release;
		};
		91F358002A3A1F000072FF71 /* Debug */ = {
			isa = XCBuildConfiguration;
			buildSettings = {
				ASSETCATALOG_COMPILER_APPICON_NAME = AppIcon;
				ASSETCATALOG_COMPILER_GLOBAL_ACCENT_COLOR_NAME = AccentColor;
				CLANG_ENABLE_MODULES = YES;
				CODE_SIGN_ENTITLEMENTS = "Last Woof.entitlements";
				CODE_SIGN_STYLE = Automatic;
				CURRENT_PROJECT_VERSION = 1;
				DEVELOPMENT_TEAM = R4FBGZQ29P;
				GENERATE_INFOPLIST_FILE = YES;
				INFOPLIST_FILE = "Last-Woof-Info.plist";
				INFOPLIST_KEY_UIApplicationSupportsIndirectInputEvents = YES;
				INFOPLIST_KEY_UILaunchStoryboardName = LaunchScreen;
				INFOPLIST_KEY_UIMainStoryboardFile = Main;
				INFOPLIST_KEY_UISupportedInterfaceOrientations = "UIInterfaceOrientationLandscapeLeft UIInterfaceOrientationLandscapeRight";
				INFOPLIST_KEY_UISupportedInterfaceOrientations_iPad = "UIInterfaceOrientationLandscapeLeft UIInterfaceOrientationLandscapeRight UIInterfaceOrientationPortraitUpsideDown";
				LD_RUNPATH_SEARCH_PATHS = (
					"$(inherited)",
					"@executable_path/Frameworks",
				);
				MARKETING_VERSION = 1.0;
				PRODUCT_BUNDLE_IDENTIFIER = "Leonardo.Last-Woof";
				PRODUCT_NAME = "$(TARGET_NAME)";
				SWIFT_EMIT_LOC_STRINGS = YES;
				SWIFT_OPTIMIZATION_LEVEL = "-Onone";
				SWIFT_VERSION = 5.0;
				TARGETED_DEVICE_FAMILY = "1,2";
			};
			name = Debug;
		};
		91F358012A3A1F000072FF71 /* Release */ = {
			isa = XCBuildConfiguration;
			buildSettings = {
				ASSETCATALOG_COMPILER_APPICON_NAME = AppIcon;
				ASSETCATALOG_COMPILER_GLOBAL_ACCENT_COLOR_NAME = AccentColor;
				CLANG_ENABLE_MODULES = YES;
				CODE_SIGN_ENTITLEMENTS = "Last Woof.entitlements";
				CODE_SIGN_STYLE = Automatic;
				CURRENT_PROJECT_VERSION = 1;
				DEVELOPMENT_TEAM = R4FBGZQ29P;
				GENERATE_INFOPLIST_FILE = YES;
				INFOPLIST_FILE = "Last-Woof-Info.plist";
				INFOPLIST_KEY_UIApplicationSupportsIndirectInputEvents = YES;
				INFOPLIST_KEY_UILaunchStoryboardName = LaunchScreen;
				INFOPLIST_KEY_UIMainStoryboardFile = Main;
				INFOPLIST_KEY_UISupportedInterfaceOrientations = "UIInterfaceOrientationLandscapeLeft UIInterfaceOrientationLandscapeRight";
				INFOPLIST_KEY_UISupportedInterfaceOrientations_iPad = "UIInterfaceOrientationLandscapeLeft UIInterfaceOrientationLandscapeRight UIInterfaceOrientationPortraitUpsideDown";
				LD_RUNPATH_SEARCH_PATHS = (
					"$(inherited)",
					"@executable_path/Frameworks",
				);
				MARKETING_VERSION = 1.0;
				PRODUCT_BUNDLE_IDENTIFIER = "Leonardo.Last-Woof";
				PRODUCT_NAME = "$(TARGET_NAME)";
				SWIFT_EMIT_LOC_STRINGS = YES;
				SWIFT_VERSION = 5.0;
				TARGETED_DEVICE_FAMILY = "1,2";
			};
			name = Release;
		};
/* End XCBuildConfiguration section */

/* Begin XCConfigurationList section */
		91F357E62A3A1EFF0072FF71 /* Build configuration list for PBXProject "Last Woof" */ = {
			isa = XCConfigurationList;
			buildConfigurations = (
				91F357FD2A3A1F000072FF71 /* Debug */,
				91F357FE2A3A1F000072FF71 /* Release */,
			);
			defaultConfigurationIsVisible = 0;
			defaultConfigurationName = Release;
		};
		91F357FF2A3A1F000072FF71 /* Build configuration list for PBXNativeTarget "Last Woof" */ = {
			isa = XCConfigurationList;
			buildConfigurations = (
				91F358002A3A1F000072FF71 /* Debug */,
				91F358012A3A1F000072FF71 /* Release */,
			);
			defaultConfigurationIsVisible = 0;
			defaultConfigurationName = Release;
		};
/* End XCConfigurationList section */

/* Begin XCVersionGroup section */
		0B2A7BCC2A4306D8008310E6 /* LastWoof.xcdatamodeld */ = {
			isa = XCVersionGroup;
			children = (
				0B2A7BCD2A4306D8008310E6 /* LastWoof.xcdatamodel */,
			);
			currentVersion = 0B2A7BCD2A4306D8008310E6 /* LastWoof.xcdatamodel */;
			path = LastWoof.xcdatamodeld;
			sourceTree = "<group>";
			versionGroupType = wrapper.xcdatamodel;
		};
/* End XCVersionGroup section */
	};
	rootObject = 91F357E32A3A1EFF0072FF71 /* Project object */;
}
