// !$*UTF8*$!
{
	archiveVersion = 1;
	classes = {
	};
	objectVersion = 56;
	objects = {

/* Begin PBXBuildFile section */
		0B7ECDE32A41AD6800B0709B /* StoryScene.swift in Sources */ = {isa = PBXBuildFile; fileRef = 0B7ECDE22A41AD6800B0709B /* StoryScene.swift */; };
		0B7ECDE52A41AE5100B0709B /* StateChangeComponent.swift in Sources */ = {isa = PBXBuildFile; fileRef = 0B7ECDE42A41AE5100B0709B /* StateChangeComponent.swift */; };
		0B7ECDE72A41AE8A00B0709B /* StoreInventoryComponent.swift in Sources */ = {isa = PBXBuildFile; fileRef = 0B7ECDE62A41AE8A00B0709B /* StoreInventoryComponent.swift */; };
		0B7ECDE92A41AE9F00B0709B /* RemoveInventoryComponent.swift in Sources */ = {isa = PBXBuildFile; fileRef = 0B7ECDE82A41AE9F00B0709B /* RemoveInventoryComponent.swift */; };
		15434F2F2A406B550086583E /* VisualComponent.swift in Sources */ = {isa = PBXBuildFile; fileRef = 15434F2E2A406B550086583E /* VisualComponent.swift */; };
		15434F332A40A1780086583E /* MovementComponent.swift in Sources */ = {isa = PBXBuildFile; fileRef = 15434F322A40A1780086583E /* MovementComponent.swift */; };
		15434F352A42A1020086583E /* PhysicsComponent.swift in Sources */ = {isa = PBXBuildFile; fileRef = 15434F342A42A1020086583E /* PhysicsComponent.swift */; };
		91F357F82A3A1F000072FF71 /* Assets.xcassets in Resources */ = {isa = PBXBuildFile; fileRef = 91F357F72A3A1F000072FF71 /* Assets.xcassets */; };
		91F357FB2A3A1F000072FF71 /* LaunchScreen.storyboard in Resources */ = {isa = PBXBuildFile; fileRef = 91F357F92A3A1F000072FF71 /* LaunchScreen.storyboard */; };
		91F358782A3B13A40072FF71 /* GameViewController.swift in Sources */ = {isa = PBXBuildFile; fileRef = 91F358752A3B13A40072FF71 /* GameViewController.swift */; };
		91F358792A3B13A40072FF71 /* GameScene.swift in Sources */ = {isa = PBXBuildFile; fileRef = 91F358762A3B13A40072FF71 /* GameScene.swift */; };
		91F3587A2A3B13A40072FF71 /* GameScene.sks in Resources */ = {isa = PBXBuildFile; fileRef = 91F358772A3B13A40072FF71 /* GameScene.sks */; };
		91F3587D2A3B13AD0072FF71 /* AppDelegate.swift in Sources */ = {isa = PBXBuildFile; fileRef = 91F3587B2A3B13AD0072FF71 /* AppDelegate.swift */; };
		91F3587E2A3B13AD0072FF71 /* Actions.sks in Resources */ = {isa = PBXBuildFile; fileRef = 91F3587C2A3B13AD0072FF71 /* Actions.sks */; };
		91F358AC2A3B27860072FF71 /* Main.storyboard in Resources */ = {isa = PBXBuildFile; fileRef = 91F358AA2A3B27860072FF71 /* Main.storyboard */; };
		D60812012A42DF58004E842E /* JoystickComponent.swift in Sources */ = {isa = PBXBuildFile; fileRef = D60812002A42DF58004E842E /* JoystickComponent.swift */; };
		D60812032A42E1D6004E842E /* Extensions.swift in Sources */ = {isa = PBXBuildFile; fileRef = D60812022A42E1D6004E842E /* Extensions.swift */; };
/* End PBXBuildFile section */

/* Begin PBXFileReference section */
		0B7ECDE22A41AD6800B0709B /* StoryScene.swift */ = {isa = PBXFileReference; lastKnownFileType = sourcecode.swift; path = StoryScene.swift; sourceTree = "<group>"; };
		0B7ECDE42A41AE5100B0709B /* StateChangeComponent.swift */ = {isa = PBXFileReference; lastKnownFileType = sourcecode.swift; path = StateChangeComponent.swift; sourceTree = "<group>"; };
		0B7ECDE62A41AE8A00B0709B /* StoreInventoryComponent.swift */ = {isa = PBXFileReference; lastKnownFileType = sourcecode.swift; path = StoreInventoryComponent.swift; sourceTree = "<group>"; };
		0B7ECDE82A41AE9F00B0709B /* RemoveInventoryComponent.swift */ = {isa = PBXFileReference; lastKnownFileType = sourcecode.swift; path = RemoveInventoryComponent.swift; sourceTree = "<group>"; };
		15434F2E2A406B550086583E /* VisualComponent.swift */ = {isa = PBXFileReference; lastKnownFileType = sourcecode.swift; path = VisualComponent.swift; sourceTree = "<group>"; };
		15434F322A40A1780086583E /* MovementComponent.swift */ = {isa = PBXFileReference; lastKnownFileType = sourcecode.swift; path = MovementComponent.swift; sourceTree = "<group>"; };
		15434F342A42A1020086583E /* PhysicsComponent.swift */ = {isa = PBXFileReference; lastKnownFileType = sourcecode.swift; path = PhysicsComponent.swift; sourceTree = "<group>"; };
		91F357EB2A3A1EFF0072FF71 /* Last Woof.app */ = {isa = PBXFileReference; explicitFileType = wrapper.application; includeInIndex = 0; path = "Last Woof.app"; sourceTree = BUILT_PRODUCTS_DIR; };
		91F357F72A3A1F000072FF71 /* Assets.xcassets */ = {isa = PBXFileReference; lastKnownFileType = folder.assetcatalog; path = Assets.xcassets; sourceTree = "<group>"; };
		91F357FA2A3A1F000072FF71 /* Base */ = {isa = PBXFileReference; lastKnownFileType = file.storyboard; name = Base; path = Base.lproj/LaunchScreen.storyboard; sourceTree = "<group>"; };
		91F358752A3B13A40072FF71 /* GameViewController.swift */ = {isa = PBXFileReference; fileEncoding = 4; lastKnownFileType = sourcecode.swift; path = GameViewController.swift; sourceTree = "<group>"; };
		91F358762A3B13A40072FF71 /* GameScene.swift */ = {isa = PBXFileReference; fileEncoding = 4; lastKnownFileType = sourcecode.swift; path = GameScene.swift; sourceTree = "<group>"; };
		91F358772A3B13A40072FF71 /* GameScene.sks */ = {isa = PBXFileReference; lastKnownFileType = file.sks; path = GameScene.sks; sourceTree = "<group>"; };
		91F3587B2A3B13AD0072FF71 /* AppDelegate.swift */ = {isa = PBXFileReference; fileEncoding = 4; lastKnownFileType = sourcecode.swift; path = AppDelegate.swift; sourceTree = "<group>"; };
		91F3587C2A3B13AD0072FF71 /* Actions.sks */ = {isa = PBXFileReference; lastKnownFileType = file.sks; path = Actions.sks; sourceTree = "<group>"; };
		91F358AB2A3B27860072FF71 /* Base */ = {isa = PBXFileReference; lastKnownFileType = file.storyboard; name = Base; path = LastWoof/Base.lproj/Main.storyboard; sourceTree = "<group>"; };
		D60812002A42DF58004E842E /* JoystickComponent.swift */ = {isa = PBXFileReference; lastKnownFileType = sourcecode.swift; path = JoystickComponent.swift; sourceTree = "<group>"; };
		D60812022A42E1D6004E842E /* Extensions.swift */ = {isa = PBXFileReference; lastKnownFileType = sourcecode.swift; path = Extensions.swift; sourceTree = "<group>"; };
/* End PBXFileReference section */

/* Begin PBXFrameworksBuildPhase section */
		91F357E82A3A1EFF0072FF71 /* Frameworks */ = {
			isa = PBXFrameworksBuildPhase;
			buildActionMask = 2147483647;
			files = (
			);
			runOnlyForDeploymentPostprocessing = 0;
		};
/* End PBXFrameworksBuildPhase section */

/* Begin PBXGroup section */
		0B7ECDDD2A41AD3700B0709B /* StoryScene */ = {
			isa = PBXGroup;
			children = (
				0B7ECDE22A41AD6800B0709B /* StoryScene.swift */,
			);
			path = StoryScene;
			sourceTree = "<group>";
		};
		15434F2D2A405FB60086583E /* Scene1 */ = {
			isa = PBXGroup;
			children = (
				91F358772A3B13A40072FF71 /* GameScene.sks */,
				91F358762A3B13A40072FF71 /* GameScene.swift */,
			);
			path = Scene1;
			sourceTree = "<group>";
		};
		91F357E22A3A1EFF0072FF71 = {
			isa = PBXGroup;
			children = (
				91F357ED2A3A1EFF0072FF71 /* LastWoof */,
				91F357EC2A3A1EFF0072FF71 /* Products */,
			);
			sourceTree = "<group>";
		};
		91F357EC2A3A1EFF0072FF71 /* Products */ = {
			isa = PBXGroup;
			children = (
				91F357EB2A3A1EFF0072FF71 /* Last Woof.app */,
			);
			name = Products;
			sourceTree = "<group>";
		};
		91F357ED2A3A1EFF0072FF71 /* LastWoof */ = {
			isa = PBXGroup;
			children = (
				91F358092A3A20F90072FF71 /* Database */,
				91F358052A3A20A60072FF71 /* Managers */,
				91F358042A3A209B0072FF71 /* GameObjects */,
				91F358032A3A207E0072FF71 /* Scenes */,
				91F358022A3A20540072FF71 /* Systems */,
				91F357F72A3A1F000072FF71 /* Assets.xcassets */,
				91F357F92A3A1F000072FF71 /* LaunchScreen.storyboard */,
				91F358AA2A3B27860072FF71 /* Main.storyboard */,
				91F358752A3B13A40072FF71 /* GameViewController.swift */,
				91F3587C2A3B13AD0072FF71 /* Actions.sks */,
				91F3587B2A3B13AD0072FF71 /* AppDelegate.swift */,
				D60812022A42E1D6004E842E /* Extensions.swift */,
			);
			path = LastWoof;
			sourceTree = "<group>";
		};
		91F358022A3A20540072FF71 /* Systems */ = {
			isa = PBXGroup;
			children = (
			);
			path = Systems;
			sourceTree = "<group>";
		};
		91F358032A3A207E0072FF71 /* Scenes */ = {
			isa = PBXGroup;
			children = (
				0B7ECDDD2A41AD3700B0709B /* StoryScene */,
				15434F2D2A405FB60086583E /* Scene1 */,
			);
			path = Scenes;
			sourceTree = "<group>";
		};
		91F358042A3A209B0072FF71 /* GameObjects */ = {
			isa = PBXGroup;
			children = (
				91F358062A3A20D50072FF71 /* Characters */,
				91F358072A3A20DC0072FF71 /* Environments */,
				91F358082A3A20E30072FF71 /* UIs */,
			);
			path = GameObjects;
			sourceTree = "<group>";
		};
		91F358052A3A20A60072FF71 /* Managers */ = {
			isa = PBXGroup;
			children = (
			);
			path = Managers;
			sourceTree = "<group>";
		};
		91F358062A3A20D50072FF71 /* Characters */ = {
			isa = PBXGroup;
			children = (
				15434F2E2A406B550086583E /* VisualComponent.swift */,
				15434F322A40A1780086583E /* MovementComponent.swift */,
				0B7ECDE42A41AE5100B0709B /* StateChangeComponent.swift */,
				0B7ECDE62A41AE8A00B0709B /* StoreInventoryComponent.swift */,
				0B7ECDE82A41AE9F00B0709B /* RemoveInventoryComponent.swift */,
				15434F342A42A1020086583E /* PhysicsComponent.swift */,
				D60812002A42DF58004E842E /* JoystickComponent.swift */,
			);
			path = Characters;
			sourceTree = "<group>";
		};
		91F358072A3A20DC0072FF71 /* Environments */ = {
			isa = PBXGroup;
			children = (
			);
			path = Environments;
			sourceTree = "<group>";
		};
		91F358082A3A20E30072FF71 /* UIs */ = {
			isa = PBXGroup;
			children = (
			);
			path = UIs;
			sourceTree = "<group>";
		};
		91F358092A3A20F90072FF71 /* Database */ = {
			isa = PBXGroup;
			children = (
			);
			path = Database;
			sourceTree = "<group>";
		};
/* End PBXGroup section */

/* Begin PBXNativeTarget section */
		91F357EA2A3A1EFF0072FF71 /* Last Woof */ = {
			isa = PBXNativeTarget;
			buildConfigurationList = 91F357FF2A3A1F000072FF71 /* Build configuration list for PBXNativeTarget "Last Woof" */;
			buildPhases = (
				91F357E72A3A1EFF0072FF71 /* Sources */,
				91F357E82A3A1EFF0072FF71 /* Frameworks */,
				91F357E92A3A1EFF0072FF71 /* Resources */,
			);
			buildRules = (
			);
			dependencies = (
			);
			name = "Last Woof";
			productName = "Last Woof";
			productReference = 91F357EB2A3A1EFF0072FF71 /* Last Woof.app */;
			productType = "com.apple.product-type.application";
		};
/* End PBXNativeTarget section */

/* Begin PBXProject section */
		91F357E32A3A1EFF0072FF71 /* Project object */ = {
			isa = PBXProject;
			attributes = {
				BuildIndependentTargetsInParallel = 1;
				LastSwiftUpdateCheck = 1430;
				LastUpgradeCheck = 1430;
				TargetAttributes = {
					91F357EA2A3A1EFF0072FF71 = {
						CreatedOnToolsVersion = 14.3;
						LastSwiftMigration = 1430;
					};
				};
			};
			buildConfigurationList = 91F357E62A3A1EFF0072FF71 /* Build configuration list for PBXProject "Last Woof" */;
			compatibilityVersion = "Xcode 14.0";
			developmentRegion = en;
			hasScannedForEncodings = 0;
			knownRegions = (
				en,
				Base,
			);
			mainGroup = 91F357E22A3A1EFF0072FF71;
			productRefGroup = 91F357EC2A3A1EFF0072FF71 /* Products */;
			projectDirPath = "";
			projectRoot = "";
			targets = (
				91F357EA2A3A1EFF0072FF71 /* Last Woof */,
			);
		};
/* End PBXProject section */

/* Begin PBXResourcesBuildPhase section */
		91F357E92A3A1EFF0072FF71 /* Resources */ = {
			isa = PBXResourcesBuildPhase;
			buildActionMask = 2147483647;
			files = (
				91F357FB2A3A1F000072FF71 /* LaunchScreen.storyboard in Resources */,
				91F358AC2A3B27860072FF71 /* Main.storyboard in Resources */,
				91F3587A2A3B13A40072FF71 /* GameScene.sks in Resources */,
				91F357F82A3A1F000072FF71 /* Assets.xcassets in Resources */,
				91F3587E2A3B13AD0072FF71 /* Actions.sks in Resources */,
			);
			runOnlyForDeploymentPostprocessing = 0;
		};
/* End PBXResourcesBuildPhase section */

/* Begin PBXSourcesBuildPhase section */
		91F357E72A3A1EFF0072FF71 /* Sources */ = {
			isa = PBXSourcesBuildPhase;
			buildActionMask = 2147483647;
			files = (
				0B7ECDE32A41AD6800B0709B /* StoryScene.swift in Sources */,
				91F3587D2A3B13AD0072FF71 /* AppDelegate.swift in Sources */,
				D60812012A42DF58004E842E /* JoystickComponent.swift in Sources */,
				15434F352A42A1020086583E /* PhysicsComponent.swift in Sources */,
				D60812032A42E1D6004E842E /* Extensions.swift in Sources */,
				91F358792A3B13A40072FF71 /* GameScene.swift in Sources */,
				91F358782A3B13A40072FF71 /* GameViewController.swift in Sources */,
				0B7ECDE92A41AE9F00B0709B /* RemoveInventoryComponent.swift in Sources */,
				15434F332A40A1780086583E /* MovementComponent.swift in Sources */,
				0B7ECDE52A41AE5100B0709B /* StateChangeComponent.swift in Sources */,
				0B7ECDE72A41AE8A00B0709B /* StoreInventoryComponent.swift in Sources */,
				15434F2F2A406B550086583E /* VisualComponent.swift in Sources */,
			);
			runOnlyForDeploymentPostprocessing = 0;
		};
/* End PBXSourcesBuildPhase section */

/* Begin PBXVariantGroup section */
		91F357F92A3A1F000072FF71 /* LaunchScreen.storyboard */ = {
			isa = PBXVariantGroup;
			children = (
				91F357FA2A3A1F000072FF71 /* Base */,
			);
			name = LaunchScreen.storyboard;
			sourceTree = "<group>";
		};
		91F358AA2A3B27860072FF71 /* Main.storyboard */ = {
			isa = PBXVariantGroup;
			children = (
				91F358AB2A3B27860072FF71 /* Base */,
			);
			name = Main.storyboard;
			sourceTree = "<group>";
		};
/* End PBXVariantGroup section */

/* Begin XCBuildConfiguration section */
		91F357FD2A3A1F000072FF71 /* Debug */ = {
			isa = XCBuildConfiguration;
			buildSettings = {
				ALWAYS_SEARCH_USER_PATHS = NO;
				CLANG_ANALYZER_NONNULL = YES;
				CLANG_ANALYZER_NUMBER_OBJECT_CONVERSION = YES_AGGRESSIVE;
				CLANG_CXX_LANGUAGE_STANDARD = "gnu++20";
				CLANG_ENABLE_MODULES = YES;
				CLANG_ENABLE_OBJC_ARC = YES;
				CLANG_ENABLE_OBJC_WEAK = YES;
				CLANG_WARN_BLOCK_CAPTURE_AUTORELEASING = YES;
				CLANG_WARN_BOOL_CONVERSION = YES;
				CLANG_WARN_COMMA = YES;
				CLANG_WARN_CONSTANT_CONVERSION = YES;
				CLANG_WARN_DEPRECATED_OBJC_IMPLEMENTATIONS = YES;
				CLANG_WARN_DIRECT_OBJC_ISA_USAGE = YES_ERROR;
				CLANG_WARN_DOCUMENTATION_COMMENTS = YES;
				CLANG_WARN_EMPTY_BODY = YES;
				CLANG_WARN_ENUM_CONVERSION = YES;
				CLANG_WARN_INFINITE_RECURSION = YES;
				CLANG_WARN_INT_CONVERSION = YES;
				CLANG_WARN_NON_LITERAL_NULL_CONVERSION = YES;
				CLANG_WARN_OBJC_IMPLICIT_RETAIN_SELF = YES;
				CLANG_WARN_OBJC_LITERAL_CONVERSION = YES;
				CLANG_WARN_OBJC_ROOT_CLASS = YES_ERROR;
				CLANG_WARN_QUOTED_INCLUDE_IN_FRAMEWORK_HEADER = YES;
				CLANG_WARN_RANGE_LOOP_ANALYSIS = YES;
				CLANG_WARN_STRICT_PROTOTYPES = YES;
				CLANG_WARN_SUSPICIOUS_MOVE = YES;
				CLANG_WARN_UNGUARDED_AVAILABILITY = YES_AGGRESSIVE;
				CLANG_WARN_UNREACHABLE_CODE = YES;
				CLANG_WARN__DUPLICATE_METHOD_MATCH = YES;
				COPY_PHASE_STRIP = NO;
				DEBUG_INFORMATION_FORMAT = dwarf;
				ENABLE_STRICT_OBJC_MSGSEND = YES;
				ENABLE_TESTABILITY = YES;
				GCC_C_LANGUAGE_STANDARD = gnu11;
				GCC_DYNAMIC_NO_PIC = NO;
				GCC_NO_COMMON_BLOCKS = YES;
				GCC_OPTIMIZATION_LEVEL = 0;
				GCC_PREPROCESSOR_DEFINITIONS = (
					"DEBUG=1",
					"$(inherited)",
				);
				GCC_WARN_64_TO_32_BIT_CONVERSION = YES;
				GCC_WARN_ABOUT_RETURN_TYPE = YES_ERROR;
				GCC_WARN_UNDECLARED_SELECTOR = YES;
				GCC_WARN_UNINITIALIZED_AUTOS = YES_AGGRESSIVE;
				GCC_WARN_UNUSED_FUNCTION = YES;
				GCC_WARN_UNUSED_VARIABLE = YES;
				IPHONEOS_DEPLOYMENT_TARGET = 16.4;
				MTL_ENABLE_DEBUG_INFO = INCLUDE_SOURCE;
				MTL_FAST_MATH = YES;
				ONLY_ACTIVE_ARCH = YES;
				SDKROOT = iphoneos;
				SWIFT_ACTIVE_COMPILATION_CONDITIONS = DEBUG;
				SWIFT_OPTIMIZATION_LEVEL = "-Onone";
			};
			name = Debug;
		};
		91F357FE2A3A1F000072FF71 /* Release */ = {
			isa = XCBuildConfiguration;
			buildSettings = {
				ALWAYS_SEARCH_USER_PATHS = NO;
				CLANG_ANALYZER_NONNULL = YES;
				CLANG_ANALYZER_NUMBER_OBJECT_CONVERSION = YES_AGGRESSIVE;
				CLANG_CXX_LANGUAGE_STANDARD = "gnu++20";
				CLANG_ENABLE_MODULES = YES;
				CLANG_ENABLE_OBJC_ARC = YES;
				CLANG_ENABLE_OBJC_WEAK = YES;
				CLANG_WARN_BLOCK_CAPTURE_AUTORELEASING = YES;
				CLANG_WARN_BOOL_CONVERSION = YES;
				CLANG_WARN_COMMA = YES;
				CLANG_WARN_CONSTANT_CONVERSION = YES;
				CLANG_WARN_DEPRECATED_OBJC_IMPLEMENTATIONS = YES;
				CLANG_WARN_DIRECT_OBJC_ISA_USAGE = YES_ERROR;
				CLANG_WARN_DOCUMENTATION_COMMENTS = YES;
				CLANG_WARN_EMPTY_BODY = YES;
				CLANG_WARN_ENUM_CONVERSION = YES;
				CLANG_WARN_INFINITE_RECURSION = YES;
				CLANG_WARN_INT_CONVERSION = YES;
				CLANG_WARN_NON_LITERAL_NULL_CONVERSION = YES;
				CLANG_WARN_OBJC_IMPLICIT_RETAIN_SELF = YES;
				CLANG_WARN_OBJC_LITERAL_CONVERSION = YES;
				CLANG_WARN_OBJC_ROOT_CLASS = YES_ERROR;
				CLANG_WARN_QUOTED_INCLUDE_IN_FRAMEWORK_HEADER = YES;
				CLANG_WARN_RANGE_LOOP_ANALYSIS = YES;
				CLANG_WARN_STRICT_PROTOTYPES = YES;
				CLANG_WARN_SUSPICIOUS_MOVE = YES;
				CLANG_WARN_UNGUARDED_AVAILABILITY = YES_AGGRESSIVE;
				CLANG_WARN_UNREACHABLE_CODE = YES;
				CLANG_WARN__DUPLICATE_METHOD_MATCH = YES;
				COPY_PHASE_STRIP = NO;
				DEBUG_INFORMATION_FORMAT = "dwarf-with-dsym";
				ENABLE_NS_ASSERTIONS = NO;
				ENABLE_STRICT_OBJC_MSGSEND = YES;
				GCC_C_LANGUAGE_STANDARD = gnu11;
				GCC_NO_COMMON_BLOCKS = YES;
				GCC_WARN_64_TO_32_BIT_CONVERSION = YES;
				GCC_WARN_ABOUT_RETURN_TYPE = YES_ERROR;
				GCC_WARN_UNDECLARED_SELECTOR = YES;
				GCC_WARN_UNINITIALIZED_AUTOS = YES_AGGRESSIVE;
				GCC_WARN_UNUSED_FUNCTION = YES;
				GCC_WARN_UNUSED_VARIABLE = YES;
				IPHONEOS_DEPLOYMENT_TARGET = 16.4;
				MTL_ENABLE_DEBUG_INFO = NO;
				MTL_FAST_MATH = YES;
				SDKROOT = iphoneos;
				SWIFT_COMPILATION_MODE = wholemodule;
				SWIFT_OPTIMIZATION_LEVEL = "-O";
				VALIDATE_PRODUCT = YES;
			};
			name = Release;
		};
		91F358002A3A1F000072FF71 /* Debug */ = {
			isa = XCBuildConfiguration;
			buildSettings = {
				ASSETCATALOG_COMPILER_APPICON_NAME = AppIcon;
				ASSETCATALOG_COMPILER_GLOBAL_ACCENT_COLOR_NAME = AccentColor;
				CLANG_ENABLE_MODULES = YES;
				CODE_SIGN_ENTITLEMENTS = "";
				CODE_SIGN_STYLE = Automatic;
				CURRENT_PROJECT_VERSION = 1;
				DEVELOPMENT_TEAM = XA29694495;
				GENERATE_INFOPLIST_FILE = YES;
				INFOPLIST_KEY_UIApplicationSupportsIndirectInputEvents = YES;
				INFOPLIST_KEY_UILaunchStoryboardName = LaunchScreen;
				INFOPLIST_KEY_UIMainStoryboardFile = Main;
				INFOPLIST_KEY_UISupportedInterfaceOrientations_iPad = "UIInterfaceOrientationPortrait UIInterfaceOrientationPortraitUpsideDown UIInterfaceOrientationLandscapeLeft UIInterfaceOrientationLandscapeRight";
				INFOPLIST_KEY_UISupportedInterfaceOrientations_iPhone = "UIInterfaceOrientationPortrait UIInterfaceOrientationLandscapeLeft UIInterfaceOrientationLandscapeRight";
				LD_RUNPATH_SEARCH_PATHS = (
					"$(inherited)",
					"@executable_path/Frameworks",
				);
				MARKETING_VERSION = 1.0;
				PRODUCT_BUNDLE_IDENTIFIER = "dev.winxen.Last-Woof";
				PRODUCT_NAME = "$(TARGET_NAME)";
				SWIFT_EMIT_LOC_STRINGS = YES;
				SWIFT_OPTIMIZATION_LEVEL = "-Onone";
				SWIFT_VERSION = 5.0;
				TARGETED_DEVICE_FAMILY = "1,2";
			};
			name = Debug;
		};
		91F358012A3A1F000072FF71 /* Release */ = {
			isa = XCBuildConfiguration;
			buildSettings = {
				ASSETCATALOG_COMPILER_APPICON_NAME = AppIcon;
				ASSETCATALOG_COMPILER_GLOBAL_ACCENT_COLOR_NAME = AccentColor;
				CLANG_ENABLE_MODULES = YES;
				CODE_SIGN_ENTITLEMENTS = "";
				CODE_SIGN_STYLE = Automatic;
				CURRENT_PROJECT_VERSION = 1;
				DEVELOPMENT_TEAM = XA29694495;
				GENERATE_INFOPLIST_FILE = YES;
				INFOPLIST_KEY_UIApplicationSupportsIndirectInputEvents = YES;
				INFOPLIST_KEY_UILaunchStoryboardName = LaunchScreen;
				INFOPLIST_KEY_UIMainStoryboardFile = Main;
				INFOPLIST_KEY_UISupportedInterfaceOrientations_iPad = "UIInterfaceOrientationPortrait UIInterfaceOrientationPortraitUpsideDown UIInterfaceOrientationLandscapeLeft UIInterfaceOrientationLandscapeRight";
				INFOPLIST_KEY_UISupportedInterfaceOrientations_iPhone = "UIInterfaceOrientationPortrait UIInterfaceOrientationLandscapeLeft UIInterfaceOrientationLandscapeRight";
				LD_RUNPATH_SEARCH_PATHS = (
					"$(inherited)",
					"@executable_path/Frameworks",
				);
				MARKETING_VERSION = 1.0;
				PRODUCT_BUNDLE_IDENTIFIER = "dev.winxen.Last-Woof";
				PRODUCT_NAME = "$(TARGET_NAME)";
				SWIFT_EMIT_LOC_STRINGS = YES;
				SWIFT_VERSION = 5.0;
				TARGETED_DEVICE_FAMILY = "1,2";
			};
			name = Release;
		};
/* End XCBuildConfiguration section */

/* Begin XCConfigurationList section */
		91F357E62A3A1EFF0072FF71 /* Build configuration list for PBXProject "Last Woof" */ = {
			isa = XCConfigurationList;
			buildConfigurations = (
				91F357FD2A3A1F000072FF71 /* Debug */,
				91F357FE2A3A1F000072FF71 /* Release */,
			);
			defaultConfigurationIsVisible = 0;
			defaultConfigurationName = Release;
		};
		91F357FF2A3A1F000072FF71 /* Build configuration list for PBXNativeTarget "Last Woof" */ = {
			isa = XCConfigurationList;
			buildConfigurations = (
				91F358002A3A1F000072FF71 /* Debug */,
				91F358012A3A1F000072FF71 /* Release */,
			);
			defaultConfigurationIsVisible = 0;
			defaultConfigurationName = Release;
		};
/* End XCConfigurationList section */
	};
	rootObject = 91F357E32A3A1EFF0072FF71 /* Project object */;
}
